<?xml version="1.0" encoding="utf-8"?>
<Project ToolsVersion="4.0" xmlns="http://schemas.microsoft.com/developer/msbuild/2003">
  <ItemGroup>
    <Filter Include="Source Files">
      <UniqueIdentifier>{4FC737F1-C7A5-4376-A066-2A32D752A2FF}</UniqueIdentifier>
      <Extensions>cpp;c;cc;cxx;c++;cppm;ixx;def;odl;idl;hpj;bat;asm;asmx</Extensions>
    </Filter>
    <Filter Include="Header Files">
      <UniqueIdentifier>{93995380-89BD-4b04-88EB-625FBE52EBFB}</UniqueIdentifier>
      <Extensions>h;hh;hpp;hxx;h++;hm;inl;inc;ipp;xsd</Extensions>
    </Filter>
    <Filter Include="Resource Files">
      <UniqueIdentifier>{67DA6AB6-F800-4c08-8B7A-83BB121AAD01}</UniqueIdentifier>
      <Extensions>rc;ico;cur;bmp;dlg;rc2;rct;bin;rgs;gif;jpg;jpeg;jpe;resx;tiff;tif;png;wav;mfcribbon-ms</Extensions>
    </Filter>
  </ItemGroup>
  <ItemGroup>
    <ClCompile Include="bugatti.cpp">
      <Filter>Source Files</Filter>
    </ClCompile>
    <ClCompile Include="fsportcar.cpp">
      <Filter>Source Files</Filter>
    </ClCompile>
    <ClCompile Include="mercedes.cpp">
      <Filter>Source Files</Filter>
    </ClCompile>
    <ClCompile Include="SteeringWheel.cpp">
      <Filter>Source Files</Filter>
    </ClCompile>
    <ClCompile Include="Wheel.cpp">
      <Filter>Source Files</Filter>
    </ClCompile>
    <ClCompile Include="Truck.cpp">
      <Filter>Source Files</Filter>
    </ClCompile>
    <ClCompile Include="Glass.cpp">
      <Filter>Source Files</Filter>
    </ClCompile>
    <ClCompile Include="Window.cpp">
      <Filter>Source Files</Filter>
    </ClCompile>
    <ClCompile Include="CarShow.cpp">
      <Filter>Source Files</Filter>
    </ClCompile>
    <ClCompile Include="Point.cpp">
      <Filter>Source Files</Filter>
    </ClCompile>
    <ClCompile Include="Cuboid.cpp">
      <Filter>Source Files</Filter>
    </ClCompile>
    <ClCompile Include="Texture.cpp">
      <Filter>Source Files</Filter>
    </ClCompile>
    <ClCompile Include="Sofa.cpp">
      <Filter>Source Files</Filter>
    </ClCompile>
    <ClCompile Include="Camera.cpp">
      <Filter>Source Files</Filter>
    </ClCompile>
    <ClCompile Include="Cylinder.cpp">
      <Filter>Source Files</Filter>
    </ClCompile>
    <ClCompile Include="Lighting.cpp">
      <Filter>Source Files</Filter>
    </ClCompile>
    <ClCompile Include="Pyramid.cpp">
      <Filter>Source Files</Filter>
    </ClCompile>
    <ClCompile Include="SkyBox.cpp">
      <Filter>Source Files</Filter>
    </ClCompile>
    <ClCompile Include="Building.cpp">
      <Filter>Source Files</Filter>
    </ClCompile>
    <ClCompile Include="testcar.cpp">
      <Filter>Source Files</Filter>
    </ClCompile>
    <ClCompile Include="Road.cpp">
      <Filter>Source Files</Filter>
    </ClCompile>
    <ClCompile Include="ParkingRoad.cpp">
      <Filter>Source Files</Filter>
    </ClCompile>
    <ClCompile Include="mercedes.cpp">
      <Filter>Source Files</Filter>
    </ClCompile>
    <ClCompile Include="steeringWheel.cpp">
      <Filter>Source Files</Filter>
    </ClCompile>
    <ClCompile Include="Wheel.cpp">
      <Filter>Source Files</Filter>
    </ClCompile>
    <ClCompile Include="Door.cpp">
      <Filter>Source Files</Filter>
    </ClCompile>
    <ClCompile Include="FamilyCar.cpp">
      <Filter>Source Files</Filter>
    </ClCompile>
    <ClCompile Include="frontOfBuilding.cpp">
      <Filter>Source Files</Filter>
    </ClCompile>
    <ClCompile Include="OutSide.cpp">
      <Filter>Source Files</Filter>
    </ClCompile>
    <ClCompile Include="Controller.cpp">
      <Filter>Source Files</Filter>
    </ClCompile>
    <ClCompile Include="Bureau.cpp">
      <Filter>Source Files</Filter>
    </ClCompile>
  </ItemGroup>
  <ItemGroup>
    <ClInclude Include="Point.h">
      <Filter>Header Files</Filter>
    </ClInclude>
    <ClInclude Include="Cuboid.h">
      <Filter>Header Files</Filter>
    </ClInclude>
    <ClInclude Include="Texture.h">
      <Filter>Header Files</Filter>
    </ClInclude>
    <ClInclude Include="Sofa.h">
      <Filter>Header Files</Filter>
    </ClInclude>
    <ClInclude Include="Camera.h">
      <Filter>Header Files</Filter>
    </ClInclude>
    <ClInclude Include="Cylinder.h">
      <Filter>Header Files</Filter>
    </ClInclude>
    <ClInclude Include="Door.h">
      <Filter>Header Files</Filter>
    </ClInclude>
    <ClInclude Include="Lighting.h">
      <Filter>Header Files</Filter>
    </ClInclude>
    <ClInclude Include="Pyramid.h">
      <Filter>Header Files</Filter>
    </ClInclude>
    <ClInclude Include="Skybox.h">
      <Filter>Header Files</Filter>
    </ClInclude>
    <ClInclude Include="Building.h">
      <Filter>Header Files</Filter>
    </ClInclude>
    <ClInclude Include="Wheel.h">
      <Filter>Header Files</Filter>
    </ClInclude>
    <ClInclude Include="bugatti.h">
      <Filter>Header Files</Filter>
    </ClInclude>
    <ClInclude Include="fsportcar.h">
      <Filter>Header Files</Filter>
    </ClInclude>
    <ClInclude Include="Mercedes.h">
      <Filter>Header Files</Filter>
    </ClInclude>
    <ClInclude Include="SteeringWheel.h">
      <Filter>Header Files</Filter>
    </ClInclude>
    <ClInclude Include="Wheel.h">
      <Filter>Header Files</Filter>
    </ClInclude>
    <ClInclude Include="Truck.h">
      <Filter>Header Files</Filter>
    </ClInclude>
    <ClInclude Include="Glass.h">
      <Filter>Header Files</Filter>
    </ClInclude>
    <ClInclude Include="Window.h">
      <Filter>Header Files</Filter>
    </ClInclude>
    <ClInclude Include="Color.h">
      <Filter>Header Files</Filter>
    </ClInclude>
    <ClInclude Include="Controller.h">
      <Filter>Header Files</Filter>
    </ClInclude>
    <ClInclude Include="FamilyCar.h">
      <Filter>Header Files</Filter>
    </ClInclude>
    <ClInclude Include="ParkingRoad.h">
      <Filter>Header Files</Filter>
    </ClInclude>
    <ClInclude Include="Road.h">
      <Filter>Header Files</Filter>
    </ClInclude>
    <ClInclude Include="frontOfBuilding.h">
      <Filter>Header Files</Filter>
    </ClInclude>
    <ClInclude Include="OutSide.h">
      <Filter>Header Files</Filter>
    </ClInclude>
    <ClInclude Include="Bureau.h">
      <Filter>Header Files</Filter>
    </ClInclude>
    <ClInclude Include="ModelTree.h">
      <Filter>Header Files</Filter>
    </ClInclude>
    <ClInclude Include="Sidewalk.h">
      <Filter>Header Files</Filter>
    </ClInclude>
    <ClInclude Include="StreetLamp.h">
      <Filter>Header Files</Filter>
    </ClInclude>
    <ClInclude Include="Vehicle.h">
      <Filter>Header Files</Filter>
    </ClInclude>
  </ItemGroup>
  <ItemGroup>
    <None Include=".gitattributes" />
    <None Include=".gitignore" />
    <None Include="Models\ArmChair\Armchair car N220417.3DS" />
    <None Include="Models\ArmChair\Armchair car N220417.gsm" />
    <None Include="packages.config" />
  </ItemGroup>
  <ItemGroup>
    <Text Include="Models\ArmChair\archibase.net.txt" />
  </ItemGroup>
  <ItemGroup>
    <Image Include="Models\ArmChair\BLeather.bmp">
      <Filter>Resource Files</Filter>
    </Image>
    <Image Include="Models\ArmChair\d 2222.jpg">
      <Filter>Resource Files</Filter>
    </Image>
    <Image Include="Textures\building.jpg">
      <Filter>Resource Files</Filter>
    </Image>
    <Image Include="Textures\grass10.jpg">
      <Filter>Resource Files</Filter>
    </Image>
    <Image Include="Textures\grass2.jpg">
      <Filter>Resource Files</Filter>
    </Image>
    <Image Include="Textures\grass5.jpg">
      <Filter>Resource Files</Filter>
    </Image>
    <Image Include="Textures\insideWall.jpg">
      <Filter>Resource Files</Filter>
    </Image>
    <Image Include="Textures\outside.jpg">
      <Filter>Resource Files</Filter>
    </Image>
    <Image Include="Textures\sidewalk.jpg">
      <Filter>Resource Files</Filter>
    </Image>
    <Image Include="Textures\sidewalk22.jpg">
      <Filter>Resource Files</Filter>
    </Image>
    <Image Include="Textures\sky.jpg">
      <Filter>Resource Files</Filter>
    </Image>
    <Image Include="Textures\Sky_Clouds.jpg">
      <Filter>Resource Files</Filter>
    </Image>
    <Image Include="Textures\tile2.jpg">
      <Filter>Resource Files</Filter>
    </Image>
    <Image Include="Textures\tile3.jpg">
      <Filter>Resource Files</Filter>
    </Image>
  </ItemGroup>
  <ItemGroup>
    <Image Include="textures\wall.jpg">
      <Filter>Resource Files</Filter>
    </Image>
  </ItemGroup>
  <ItemGroup>
    <Library Include="freeglut.lib" />
  </ItemGroup>
</Project>